// !$*UTF8*$!
{
	archiveVersion = 1;
	classes = {
	};
	objectVersion = 56;
	objects = {

/* Begin PBXBuildFile section */
		22348E462C235BC60038A42F /* Coordinator.swift in Sources */ = {isa = PBXBuildFile; fileRef = 22348E452C235BC60038A42F /* Coordinator.swift */; };
		22348E482C2362610038A42F /* AppCoordinator.swift in Sources */ = {isa = PBXBuildFile; fileRef = 22348E472C2362610038A42F /* AppCoordinator.swift */; };
		22348E4A2C2364B80038A42F /* OnboardingCoordinate.swift in Sources */ = {isa = PBXBuildFile; fileRef = 22348E492C2364B80038A42F /* OnboardingCoordinate.swift */; };
		22348E4E2C236BC60038A42F /* HomeCoordinator.swift in Sources */ = {isa = PBXBuildFile; fileRef = 22348E4D2C236BC60038A42F /* HomeCoordinator.swift */; };
		22348E502C236C0C0038A42F /* OrderCoordinator.swift in Sources */ = {isa = PBXBuildFile; fileRef = 22348E4F2C236C0C0038A42F /* OrderCoordinator.swift */; };
		22348E522C236CD20038A42F /* ListCoordinator.swift in Sources */ = {isa = PBXBuildFile; fileRef = 22348E512C236CD20038A42F /* ListCoordinator.swift */; };
		22348E542C236D980038A42F /* ProfileCoordinator.swift in Sources */ = {isa = PBXBuildFile; fileRef = 22348E532C236D980038A42F /* ProfileCoordinator.swift */; };
		22348E562C236DC90038A42F /* TabBarController.swift in Sources */ = {isa = PBXBuildFile; fileRef = 22348E552C236DC90038A42F /* TabBarController.swift */; };
		22348E5C2C242A580038A42F /* OnboardingViewController.swift in Sources */ = {isa = PBXBuildFile; fileRef = 22348E5B2C242A580038A42F /* OnboardingViewController.swift */; };
		22348E5E2C242A980038A42F /* OnboardingViewPresenter.swift in Sources */ = {isa = PBXBuildFile; fileRef = 22348E5D2C242A980038A42F /* OnboardingViewPresenter.swift */; };
		22348E602C2998BD0038A42F /* OnboardingPartViewController.swift in Sources */ = {isa = PBXBuildFile; fileRef = 22348E5F2C2998BD0038A42F /* OnboardingPartViewController.swift */; };
		2270E1232C2C07ED00A90D1C /* SceneFactory.swift in Sources */ = {isa = PBXBuildFile; fileRef = 2270E1222C2C07ED00A90D1C /* SceneFactory.swift */; };
		2299E0162C2B1BFA00A2332F /* UserStorage.swift in Sources */ = {isa = PBXBuildFile; fileRef = 2299E0152C2B1BFA00A2332F /* UserStorage.swift */; };
		22EBBEEC2C14F02100B62A50 /* AppDelegate.swift in Sources */ = {isa = PBXBuildFile; fileRef = 22EBBEEB2C14F02100B62A50 /* AppDelegate.swift */; };
		22EBBEEE2C14F02100B62A50 /* SceneDelegate.swift in Sources */ = {isa = PBXBuildFile; fileRef = 22EBBEED2C14F02100B62A50 /* SceneDelegate.swift */; };
		22EBBEF02C14F02100B62A50 /* ViewController.swift in Sources */ = {isa = PBXBuildFile; fileRef = 22EBBEEF2C14F02100B62A50 /* ViewController.swift */; };
		22EBBEF52C14F02500B62A50 /* Assets.xcassets in Resources */ = {isa = PBXBuildFile; fileRef = 22EBBEF42C14F02500B62A50 /* Assets.xcassets */; };
		22EBBEF82C14F02500B62A50 /* LaunchScreen.storyboard in Resources */ = {isa = PBXBuildFile; fileRef = 22EBBEF62C14F02500B62A50 /* LaunchScreen.storyboard */; };
		22EBBF052C14FE1300B62A50 /* UIFont+Extension.swift in Sources */ = {isa = PBXBuildFile; fileRef = 22EBBF042C14FE1300B62A50 /* UIFont+Extension.swift */; };
		22EBBF142C15059900B62A50 /* Roboto-Medium.ttf in Resources */ = {isa = PBXBuildFile; fileRef = 22EBBF072C15059900B62A50 /* Roboto-Medium.ttf */; };
		22EBBF152C15059900B62A50 /* Roboto-Light.ttf in Resources */ = {isa = PBXBuildFile; fileRef = 22EBBF082C15059900B62A50 /* Roboto-Light.ttf */; };
		22EBBF162C15059900B62A50 /* Roboto-Regular.ttf in Resources */ = {isa = PBXBuildFile; fileRef = 22EBBF092C15059900B62A50 /* Roboto-Regular.ttf */; };
		22EBBF172C15059900B62A50 /* Roboto-MediumItalic.ttf in Resources */ = {isa = PBXBuildFile; fileRef = 22EBBF0A2C15059900B62A50 /* Roboto-MediumItalic.ttf */; };
		22EBBF182C15059900B62A50 /* Roboto-ThinItalic.ttf in Resources */ = {isa = PBXBuildFile; fileRef = 22EBBF0B2C15059900B62A50 /* Roboto-ThinItalic.ttf */; };
		22EBBF192C15059900B62A50 /* Roboto-BoldItalic.ttf in Resources */ = {isa = PBXBuildFile; fileRef = 22EBBF0C2C15059900B62A50 /* Roboto-BoldItalic.ttf */; };
		22EBBF1A2C15059900B62A50 /* Roboto-LightItalic.ttf in Resources */ = {isa = PBXBuildFile; fileRef = 22EBBF0D2C15059900B62A50 /* Roboto-LightItalic.ttf */; };
		22EBBF1B2C15059900B62A50 /* Roboto-Italic.ttf in Resources */ = {isa = PBXBuildFile; fileRef = 22EBBF0E2C15059900B62A50 /* Roboto-Italic.ttf */; };
		22EBBF1C2C15059900B62A50 /* LICENSE.txt in Resources */ = {isa = PBXBuildFile; fileRef = 22EBBF0F2C15059900B62A50 /* LICENSE.txt */; };
		22EBBF1D2C15059900B62A50 /* Roboto-BlackItalic.ttf in Resources */ = {isa = PBXBuildFile; fileRef = 22EBBF102C15059900B62A50 /* Roboto-BlackItalic.ttf */; };
		22EBBF1E2C15059900B62A50 /* Roboto-Bold.ttf in Resources */ = {isa = PBXBuildFile; fileRef = 22EBBF112C15059900B62A50 /* Roboto-Bold.ttf */; };
		22EBBF1F2C15059900B62A50 /* Roboto-Thin.ttf in Resources */ = {isa = PBXBuildFile; fileRef = 22EBBF122C15059900B62A50 /* Roboto-Thin.ttf */; };
		22EBBF202C15059900B62A50 /* Roboto-Black.ttf in Resources */ = {isa = PBXBuildFile; fileRef = 22EBBF132C15059900B62A50 /* Roboto-Black.ttf */; };
		22EBBF222C151D8A00B62A50 /* UIColor+Extension.swift in Sources */ = {isa = PBXBuildFile; fileRef = 22EBBF212C151D8A00B62A50 /* UIColor+Extension.swift */; };
		22EBBF242C151E8200B62A50 /* AppColors.swift in Sources */ = {isa = PBXBuildFile; fileRef = 22EBBF232C151E8200B62A50 /* AppColors.swift */; };
/* End PBXBuildFile section */

/* Begin PBXFileReference section */
		22348E452C235BC60038A42F /* Coordinator.swift */ = {isa = PBXFileReference; lastKnownFileType = sourcecode.swift; path = Coordinator.swift; sourceTree = "<group>"; };
		22348E472C2362610038A42F /* AppCoordinator.swift */ = {isa = PBXFileReference; lastKnownFileType = sourcecode.swift; path = AppCoordinator.swift; sourceTree = "<group>"; };
		22348E492C2364B80038A42F /* OnboardingCoordinate.swift */ = {isa = PBXFileReference; lastKnownFileType = sourcecode.swift; path = OnboardingCoordinate.swift; sourceTree = "<group>"; };
		22348E4D2C236BC60038A42F /* HomeCoordinator.swift */ = {isa = PBXFileReference; lastKnownFileType = sourcecode.swift; path = HomeCoordinator.swift; sourceTree = "<group>"; };
		22348E4F2C236C0C0038A42F /* OrderCoordinator.swift */ = {isa = PBXFileReference; lastKnownFileType = sourcecode.swift; path = OrderCoordinator.swift; sourceTree = "<group>"; };
		22348E512C236CD20038A42F /* ListCoordinator.swift */ = {isa = PBXFileReference; lastKnownFileType = sourcecode.swift; path = ListCoordinator.swift; sourceTree = "<group>"; };
		22348E532C236D980038A42F /* ProfileCoordinator.swift */ = {isa = PBXFileReference; lastKnownFileType = sourcecode.swift; path = ProfileCoordinator.swift; sourceTree = "<group>"; };
		22348E552C236DC90038A42F /* TabBarController.swift */ = {isa = PBXFileReference; lastKnownFileType = sourcecode.swift; path = TabBarController.swift; sourceTree = "<group>"; };
		22348E5B2C242A580038A42F /* OnboardingViewController.swift */ = {isa = PBXFileReference; lastKnownFileType = sourcecode.swift; path = OnboardingViewController.swift; sourceTree = "<group>"; };
		22348E5D2C242A980038A42F /* OnboardingViewPresenter.swift */ = {isa = PBXFileReference; lastKnownFileType = sourcecode.swift; path = OnboardingViewPresenter.swift; sourceTree = "<group>"; };
		22348E5F2C2998BD0038A42F /* OnboardingPartViewController.swift */ = {isa = PBXFileReference; lastKnownFileType = sourcecode.swift; path = OnboardingPartViewController.swift; sourceTree = "<group>"; };
		2270E1222C2C07ED00A90D1C /* SceneFactory.swift */ = {isa = PBXFileReference; lastKnownFileType = sourcecode.swift; path = SceneFactory.swift; sourceTree = "<group>"; };
		2299E0152C2B1BFA00A2332F /* UserStorage.swift */ = {isa = PBXFileReference; lastKnownFileType = sourcecode.swift; path = UserStorage.swift; sourceTree = "<group>"; };
		22EBBEE82C14F02100B62A50 /* FoodDelApp.app */ = {isa = PBXFileReference; explicitFileType = wrapper.application; includeInIndex = 0; path = FoodDelApp.app; sourceTree = BUILT_PRODUCTS_DIR; };
		22EBBEEB2C14F02100B62A50 /* AppDelegate.swift */ = {isa = PBXFileReference; lastKnownFileType = sourcecode.swift; path = AppDelegate.swift; sourceTree = "<group>"; };
		22EBBEED2C14F02100B62A50 /* SceneDelegate.swift */ = {isa = PBXFileReference; lastKnownFileType = sourcecode.swift; path = SceneDelegate.swift; sourceTree = "<group>"; };
		22EBBEEF2C14F02100B62A50 /* ViewController.swift */ = {isa = PBXFileReference; lastKnownFileType = sourcecode.swift; path = ViewController.swift; sourceTree = "<group>"; };
		22EBBEF42C14F02500B62A50 /* Assets.xcassets */ = {isa = PBXFileReference; lastKnownFileType = folder.assetcatalog; path = Assets.xcassets; sourceTree = "<group>"; };
		22EBBEF72C14F02500B62A50 /* Base */ = {isa = PBXFileReference; lastKnownFileType = file.storyboard; name = Base; path = Base.lproj/LaunchScreen.storyboard; sourceTree = "<group>"; };
		22EBBEF92C14F02500B62A50 /* Info.plist */ = {isa = PBXFileReference; lastKnownFileType = text.plist.xml; path = Info.plist; sourceTree = "<group>"; };
		22EBBF042C14FE1300B62A50 /* UIFont+Extension.swift */ = {isa = PBXFileReference; lastKnownFileType = sourcecode.swift; path = "UIFont+Extension.swift"; sourceTree = "<group>"; };
		22EBBF072C15059900B62A50 /* Roboto-Medium.ttf */ = {isa = PBXFileReference; lastKnownFileType = file; path = "Roboto-Medium.ttf"; sourceTree = "<group>"; };
		22EBBF082C15059900B62A50 /* Roboto-Light.ttf */ = {isa = PBXFileReference; lastKnownFileType = file; path = "Roboto-Light.ttf"; sourceTree = "<group>"; };
		22EBBF092C15059900B62A50 /* Roboto-Regular.ttf */ = {isa = PBXFileReference; lastKnownFileType = file; path = "Roboto-Regular.ttf"; sourceTree = "<group>"; };
		22EBBF0A2C15059900B62A50 /* Roboto-MediumItalic.ttf */ = {isa = PBXFileReference; lastKnownFileType = file; path = "Roboto-MediumItalic.ttf"; sourceTree = "<group>"; };
		22EBBF0B2C15059900B62A50 /* Roboto-ThinItalic.ttf */ = {isa = PBXFileReference; lastKnownFileType = file; path = "Roboto-ThinItalic.ttf"; sourceTree = "<group>"; };
		22EBBF0C2C15059900B62A50 /* Roboto-BoldItalic.ttf */ = {isa = PBXFileReference; lastKnownFileType = file; path = "Roboto-BoldItalic.ttf"; sourceTree = "<group>"; };
		22EBBF0D2C15059900B62A50 /* Roboto-LightItalic.ttf */ = {isa = PBXFileReference; lastKnownFileType = file; path = "Roboto-LightItalic.ttf"; sourceTree = "<group>"; };
		22EBBF0E2C15059900B62A50 /* Roboto-Italic.ttf */ = {isa = PBXFileReference; lastKnownFileType = file; path = "Roboto-Italic.ttf"; sourceTree = "<group>"; };
		22EBBF0F2C15059900B62A50 /* LICENSE.txt */ = {isa = PBXFileReference; fileEncoding = 4; lastKnownFileType = text; path = LICENSE.txt; sourceTree = "<group>"; };
		22EBBF102C15059900B62A50 /* Roboto-BlackItalic.ttf */ = {isa = PBXFileReference; lastKnownFileType = file; path = "Roboto-BlackItalic.ttf"; sourceTree = "<group>"; };
		22EBBF112C15059900B62A50 /* Roboto-Bold.ttf */ = {isa = PBXFileReference; lastKnownFileType = file; path = "Roboto-Bold.ttf"; sourceTree = "<group>"; };
		22EBBF122C15059900B62A50 /* Roboto-Thin.ttf */ = {isa = PBXFileReference; lastKnownFileType = file; path = "Roboto-Thin.ttf"; sourceTree = "<group>"; };
		22EBBF132C15059900B62A50 /* Roboto-Black.ttf */ = {isa = PBXFileReference; lastKnownFileType = file; path = "Roboto-Black.ttf"; sourceTree = "<group>"; };
		22EBBF212C151D8A00B62A50 /* UIColor+Extension.swift */ = {isa = PBXFileReference; lastKnownFileType = sourcecode.swift; path = "UIColor+Extension.swift"; sourceTree = "<group>"; };
		22EBBF232C151E8200B62A50 /* AppColors.swift */ = {isa = PBXFileReference; lastKnownFileType = sourcecode.swift; path = AppColors.swift; sourceTree = "<group>"; };
/* End PBXFileReference section */

/* Begin PBXFrameworksBuildPhase section */
		22EBBEE52C14F02100B62A50 /* Frameworks */ = {
			isa = PBXFrameworksBuildPhase;
			buildActionMask = 2147483647;
			files = (
			);
			runOnlyForDeploymentPostprocessing = 0;
		};
/* End PBXFrameworksBuildPhase section */

/* Begin PBXGroup section */
		22348E422C235B860038A42F /* NavigationLayer */ = {
			isa = PBXGroup;
			children = (
				22348E442C235BAF0038A42F /* Coordinators */,
				22348E432C235BA40038A42F /* Controllers */,
			);
			path = NavigationLayer;
			sourceTree = "<group>";
		};
		22348E432C235BA40038A42F /* Controllers */ = {
			isa = PBXGroup;
			children = (
				22348E552C236DC90038A42F /* TabBarController.swift */,
			);
			path = Controllers;
			sourceTree = "<group>";
		};
		22348E442C235BAF0038A42F /* Coordinators */ = {
			isa = PBXGroup;
			children = (
				22348E452C235BC60038A42F /* Coordinator.swift */,
				22348E472C2362610038A42F /* AppCoordinator.swift */,
				22348E492C2364B80038A42F /* OnboardingCoordinate.swift */,
				22348E4D2C236BC60038A42F /* HomeCoordinator.swift */,
				22348E4F2C236C0C0038A42F /* OrderCoordinator.swift */,
				22348E512C236CD20038A42F /* ListCoordinator.swift */,
				22348E532C236D980038A42F /* ProfileCoordinator.swift */,
			);
			path = Coordinators;
			sourceTree = "<group>";
		};
		22348E572C2429C50038A42F /* UILayer */ = {
			isa = PBXGroup;
			children = (
				2270E1212C2C07BF00A90D1C /* SceneFactory */,
				22348E582C2429F20038A42F /* Onboarding */,
			);
			path = UILayer;
			sourceTree = "<group>";
		};
		22348E582C2429F20038A42F /* Onboarding */ = {
			isa = PBXGroup;
			children = (
				22348E5B2C242A580038A42F /* OnboardingViewController.swift */,
				22348E5D2C242A980038A42F /* OnboardingViewPresenter.swift */,
				22348E5F2C2998BD0038A42F /* OnboardingPartViewController.swift */,
			);
			path = Onboarding;
			sourceTree = "<group>";
		};
		2270E1212C2C07BF00A90D1C /* SceneFactory */ = {
			isa = PBXGroup;
			children = (
				2270E1222C2C07ED00A90D1C /* SceneFactory.swift */,
			);
			path = SceneFactory;
			sourceTree = "<group>";
		};
		2299E0142C2B1BCA00A2332F /* ServicesLayer */ = {
			isa = PBXGroup;
			children = (
				2299E0152C2B1BFA00A2332F /* UserStorage.swift */,
			);
			path = ServicesLayer;
			sourceTree = "<group>";
		};
		22EBBEDF2C14F02000B62A50 = {
			isa = PBXGroup;
			children = (
				22EBBEEA2C14F02100B62A50 /* FoodDelApp */,
				22EBBEE92C14F02100B62A50 /* Products */,
			);
			sourceTree = "<group>";
		};
		22EBBEE92C14F02100B62A50 /* Products */ = {
			isa = PBXGroup;
			children = (
				22EBBEE82C14F02100B62A50 /* FoodDelApp.app */,
			);
			name = Products;
			sourceTree = "<group>";
		};
		22EBBEEA2C14F02100B62A50 /* FoodDelApp */ = {
			isa = PBXGroup;
			children = (
				2299E0142C2B1BCA00A2332F /* ServicesLayer */,
				22348E572C2429C50038A42F /* UILayer */,
				22348E422C235B860038A42F /* NavigationLayer */,
				22EBBEFF2C14FBA900B62A50 /* Resources */,
				22EBBEEB2C14F02100B62A50 /* AppDelegate.swift */,
				22EBBEED2C14F02100B62A50 /* SceneDelegate.swift */,
				22EBBEEF2C14F02100B62A50 /* ViewController.swift */,
				22EBBEF42C14F02500B62A50 /* Assets.xcassets */,
				22EBBEF62C14F02500B62A50 /* LaunchScreen.storyboard */,
				22EBBEF92C14F02500B62A50 /* Info.plist */,
			);
			path = FoodDelApp;
			sourceTree = "<group>";
		};
		22EBBEFF2C14FBA900B62A50 /* Resources */ = {
			isa = PBXGroup;
			children = (
				22EBBF032C14FDE400B62A50 /* Extensions */,
				22EBBF002C14FBBB00B62A50 /* Fonts */,
				22EBBF232C151E8200B62A50 /* AppColors.swift */,
			);
			path = Resources;
			sourceTree = "<group>";
		};
		22EBBF002C14FBBB00B62A50 /* Fonts */ = {
			isa = PBXGroup;
			children = (
				22EBBF062C15059900B62A50 /* Roboto */,
			);
			path = Fonts;
			sourceTree = "<group>";
		};
		22EBBF032C14FDE400B62A50 /* Extensions */ = {
			isa = PBXGroup;
			children = (
				22EBBF042C14FE1300B62A50 /* UIFont+Extension.swift */,
				22EBBF212C151D8A00B62A50 /* UIColor+Extension.swift */,
			);
			path = Extensions;
			sourceTree = "<group>";
		};
		22EBBF062C15059900B62A50 /* Roboto */ = {
			isa = PBXGroup;
			children = (
				22EBBF072C15059900B62A50 /* Roboto-Medium.ttf */,
				22EBBF082C15059900B62A50 /* Roboto-Light.ttf */,
				22EBBF092C15059900B62A50 /* Roboto-Regular.ttf */,
				22EBBF0A2C15059900B62A50 /* Roboto-MediumItalic.ttf */,
				22EBBF0B2C15059900B62A50 /* Roboto-ThinItalic.ttf */,
				22EBBF0C2C15059900B62A50 /* Roboto-BoldItalic.ttf */,
				22EBBF0D2C15059900B62A50 /* Roboto-LightItalic.ttf */,
				22EBBF0E2C15059900B62A50 /* Roboto-Italic.ttf */,
				22EBBF0F2C15059900B62A50 /* LICENSE.txt */,
				22EBBF102C15059900B62A50 /* Roboto-BlackItalic.ttf */,
				22EBBF112C15059900B62A50 /* Roboto-Bold.ttf */,
				22EBBF122C15059900B62A50 /* Roboto-Thin.ttf */,
				22EBBF132C15059900B62A50 /* Roboto-Black.ttf */,
			);
			name = Roboto;
			path = ../../../../../../../Downloads/Roboto;
			sourceTree = "<group>";
		};
/* End PBXGroup section */

/* Begin PBXNativeTarget section */
		22EBBEE72C14F02100B62A50 /* FoodDelApp */ = {
			isa = PBXNativeTarget;
			buildConfigurationList = 22EBBEFC2C14F02500B62A50 /* Build configuration list for PBXNativeTarget "FoodDelApp" */;
			buildPhases = (
				22EBBEE42C14F02100B62A50 /* Sources */,
				22EBBEE52C14F02100B62A50 /* Frameworks */,
				22EBBEE62C14F02100B62A50 /* Resources */,
			);
			buildRules = (
			);
			dependencies = (
			);
			name = FoodDelApp;
			productName = FoodDelApp;
			productReference = 22EBBEE82C14F02100B62A50 /* FoodDelApp.app */;
			productType = "com.apple.product-type.application";
		};
/* End PBXNativeTarget section */

/* Begin PBXProject section */
		22EBBEE02C14F02000B62A50 /* Project object */ = {
			isa = PBXProject;
			attributes = {
				BuildIndependentTargetsInParallel = 1;
				LastSwiftUpdateCheck = 1420;
				LastUpgradeCheck = 1420;
				TargetAttributes = {
					22EBBEE72C14F02100B62A50 = {
						CreatedOnToolsVersion = 14.2;
					};
				};
			};
			buildConfigurationList = 22EBBEE32C14F02100B62A50 /* Build configuration list for PBXProject "FoodDelApp" */;
			compatibilityVersion = "Xcode 14.0";
			developmentRegion = en;
			hasScannedForEncodings = 0;
			knownRegions = (
				en,
				Base,
			);
			mainGroup = 22EBBEDF2C14F02000B62A50;
			productRefGroup = 22EBBEE92C14F02100B62A50 /* Products */;
			projectDirPath = "";
			projectRoot = "";
			targets = (
				22EBBEE72C14F02100B62A50 /* FoodDelApp */,
			);
		};
/* End PBXProject section */

/* Begin PBXResourcesBuildPhase section */
		22EBBEE62C14F02100B62A50 /* Resources */ = {
			isa = PBXResourcesBuildPhase;
			buildActionMask = 2147483647;
			files = (
				22EBBF1F2C15059900B62A50 /* Roboto-Thin.ttf in Resources */,
				22EBBF1C2C15059900B62A50 /* LICENSE.txt in Resources */,
				22EBBF202C15059900B62A50 /* Roboto-Black.ttf in Resources */,
				22EBBF1E2C15059900B62A50 /* Roboto-Bold.ttf in Resources */,
				22EBBEF82C14F02500B62A50 /* LaunchScreen.storyboard in Resources */,
				22EBBEF52C14F02500B62A50 /* Assets.xcassets in Resources */,
				22EBBF192C15059900B62A50 /* Roboto-BoldItalic.ttf in Resources */,
				22EBBF162C15059900B62A50 /* Roboto-Regular.ttf in Resources */,
				22EBBF182C15059900B62A50 /* Roboto-ThinItalic.ttf in Resources */,
				22EBBF1A2C15059900B62A50 /* Roboto-LightItalic.ttf in Resources */,
				22EBBF1D2C15059900B62A50 /* Roboto-BlackItalic.ttf in Resources */,
				22EBBF152C15059900B62A50 /* Roboto-Light.ttf in Resources */,
				22EBBF1B2C15059900B62A50 /* Roboto-Italic.ttf in Resources */,
				22EBBF172C15059900B62A50 /* Roboto-MediumItalic.ttf in Resources */,
				22EBBF142C15059900B62A50 /* Roboto-Medium.ttf in Resources */,
			);
			runOnlyForDeploymentPostprocessing = 0;
		};
/* End PBXResourcesBuildPhase section */

/* Begin PBXSourcesBuildPhase section */
		22EBBEE42C14F02100B62A50 /* Sources */ = {
			isa = PBXSourcesBuildPhase;
			buildActionMask = 2147483647;
			files = (
				22EBBEF02C14F02100B62A50 /* ViewController.swift in Sources */,
				22EBBEEC2C14F02100B62A50 /* AppDelegate.swift in Sources */,
				22EBBF052C14FE1300B62A50 /* UIFont+Extension.swift in Sources */,
				22EBBF242C151E8200B62A50 /* AppColors.swift in Sources */,
				22348E482C2362610038A42F /* AppCoordinator.swift in Sources */,
				22EBBEEE2C14F02100B62A50 /* SceneDelegate.swift in Sources */,
				22348E502C236C0C0038A42F /* OrderCoordinator.swift in Sources */,
				22348E5C2C242A580038A42F /* OnboardingViewController.swift in Sources */,
				22EBBF222C151D8A00B62A50 /* UIColor+Extension.swift in Sources */,
				22348E542C236D980038A42F /* ProfileCoordinator.swift in Sources */,
				22348E522C236CD20038A42F /* ListCoordinator.swift in Sources */,
				22348E4E2C236BC60038A42F /* HomeCoordinator.swift in Sources */,
				22348E562C236DC90038A42F /* TabBarController.swift in Sources */,
				22348E602C2998BD0038A42F /* OnboardingPartViewController.swift in Sources */,
				2299E0162C2B1BFA00A2332F /* UserStorage.swift in Sources */,
				2270E1232C2C07ED00A90D1C /* SceneFactory.swift in Sources */,
				22348E462C235BC60038A42F /* Coordinator.swift in Sources */,
				22348E5E2C242A980038A42F /* OnboardingViewPresenter.swift in Sources */,
				22348E4A2C2364B80038A42F /* OnboardingCoordinate.swift in Sources */,
			);
			runOnlyForDeploymentPostprocessing = 0;
		};
/* End PBXSourcesBuildPhase section */

/* Begin PBXVariantGroup section */
		22EBBEF62C14F02500B62A50 /* LaunchScreen.storyboard */ = {
			isa = PBXVariantGroup;
			children = (
				22EBBEF72C14F02500B62A50 /* Base */,
			);
			name = LaunchScreen.storyboard;
			sourceTree = "<group>";
		};
/* End PBXVariantGroup section */

/* Begin XCBuildConfiguration section */
		22EBBEFA2C14F02500B62A50 /* Debug */ = {
			isa = XCBuildConfiguration;
			buildSettings = {
				ALWAYS_SEARCH_USER_PATHS = NO;
				CLANG_ANALYZER_NONNULL = YES;
				CLANG_ANALYZER_NUMBER_OBJECT_CONVERSION = YES_AGGRESSIVE;
				CLANG_CXX_LANGUAGE_STANDARD = "gnu++20";
				CLANG_ENABLE_MODULES = YES;
				CLANG_ENABLE_OBJC_ARC = YES;
				CLANG_ENABLE_OBJC_WEAK = YES;
				CLANG_WARN_BLOCK_CAPTURE_AUTORELEASING = YES;
				CLANG_WARN_BOOL_CONVERSION = YES;
				CLANG_WARN_COMMA = YES;
				CLANG_WARN_CONSTANT_CONVERSION = YES;
				CLANG_WARN_DEPRECATED_OBJC_IMPLEMENTATIONS = YES;
				CLANG_WARN_DIRECT_OBJC_ISA_USAGE = YES_ERROR;
				CLANG_WARN_DOCUMENTATION_COMMENTS = YES;
				CLANG_WARN_EMPTY_BODY = YES;
				CLANG_WARN_ENUM_CONVERSION = YES;
				CLANG_WARN_INFINITE_RECURSION = YES;
				CLANG_WARN_INT_CONVERSION = YES;
				CLANG_WARN_NON_LITERAL_NULL_CONVERSION = YES;
				CLANG_WARN_OBJC_IMPLICIT_RETAIN_SELF = YES;
				CLANG_WARN_OBJC_LITERAL_CONVERSION = YES;
				CLANG_WARN_OBJC_ROOT_CLASS = YES_ERROR;
				CLANG_WARN_QUOTED_INCLUDE_IN_FRAMEWORK_HEADER = YES;
				CLANG_WARN_RANGE_LOOP_ANALYSIS = YES;
				CLANG_WARN_STRICT_PROTOTYPES = YES;
				CLANG_WARN_SUSPICIOUS_MOVE = YES;
				CLANG_WARN_UNGUARDED_AVAILABILITY = YES_AGGRESSIVE;
				CLANG_WARN_UNREACHABLE_CODE = YES;
				CLANG_WARN__DUPLICATE_METHOD_MATCH = YES;
				COPY_PHASE_STRIP = NO;
				DEBUG_INFORMATION_FORMAT = dwarf;
				ENABLE_STRICT_OBJC_MSGSEND = YES;
				ENABLE_TESTABILITY = YES;
				GCC_C_LANGUAGE_STANDARD = gnu11;
				GCC_DYNAMIC_NO_PIC = NO;
				GCC_NO_COMMON_BLOCKS = YES;
				GCC_OPTIMIZATION_LEVEL = 0;
				GCC_PREPROCESSOR_DEFINITIONS = (
					"DEBUG=1",
					"$(inherited)",
				);
				GCC_WARN_64_TO_32_BIT_CONVERSION = YES;
				GCC_WARN_ABOUT_RETURN_TYPE = YES_ERROR;
				GCC_WARN_UNDECLARED_SELECTOR = YES;
				GCC_WARN_UNINITIALIZED_AUTOS = YES_AGGRESSIVE;
				GCC_WARN_UNUSED_FUNCTION = YES;
				GCC_WARN_UNUSED_VARIABLE = YES;
				IPHONEOS_DEPLOYMENT_TARGET = 16.2;
				MTL_ENABLE_DEBUG_INFO = INCLUDE_SOURCE;
				MTL_FAST_MATH = YES;
				ONLY_ACTIVE_ARCH = YES;
				SDKROOT = iphoneos;
				SWIFT_ACTIVE_COMPILATION_CONDITIONS = DEBUG;
				SWIFT_OPTIMIZATION_LEVEL = "-Onone";
			};
			name = Debug;
		};
		22EBBEFB2C14F02500B62A50 /* Release */ = {
			isa = XCBuildConfiguration;
			buildSettings = {
				ALWAYS_SEARCH_USER_PATHS = NO;
				CLANG_ANALYZER_NONNULL = YES;
				CLANG_ANALYZER_NUMBER_OBJECT_CONVERSION = YES_AGGRESSIVE;
				CLANG_CXX_LANGUAGE_STANDARD = "gnu++20";
				CLANG_ENABLE_MODULES = YES;
				CLANG_ENABLE_OBJC_ARC = YES;
				CLANG_ENABLE_OBJC_WEAK = YES;
				CLANG_WARN_BLOCK_CAPTURE_AUTORELEASING = YES;
				CLANG_WARN_BOOL_CONVERSION = YES;
				CLANG_WARN_COMMA = YES;
				CLANG_WARN_CONSTANT_CONVERSION = YES;
				CLANG_WARN_DEPRECATED_OBJC_IMPLEMENTATIONS = YES;
				CLANG_WARN_DIRECT_OBJC_ISA_USAGE = YES_ERROR;
				CLANG_WARN_DOCUMENTATION_COMMENTS = YES;
				CLANG_WARN_EMPTY_BODY = YES;
				CLANG_WARN_ENUM_CONVERSION = YES;
				CLANG_WARN_INFINITE_RECURSION = YES;
				CLANG_WARN_INT_CONVERSION = YES;
				CLANG_WARN_NON_LITERAL_NULL_CONVERSION = YES;
				CLANG_WARN_OBJC_IMPLICIT_RETAIN_SELF = YES;
				CLANG_WARN_OBJC_LITERAL_CONVERSION = YES;
				CLANG_WARN_OBJC_ROOT_CLASS = YES_ERROR;
				CLANG_WARN_QUOTED_INCLUDE_IN_FRAMEWORK_HEADER = YES;
				CLANG_WARN_RANGE_LOOP_ANALYSIS = YES;
				CLANG_WARN_STRICT_PROTOTYPES = YES;
				CLANG_WARN_SUSPICIOUS_MOVE = YES;
				CLANG_WARN_UNGUARDED_AVAILABILITY = YES_AGGRESSIVE;
				CLANG_WARN_UNREACHABLE_CODE = YES;
				CLANG_WARN__DUPLICATE_METHOD_MATCH = YES;
				COPY_PHASE_STRIP = NO;
				DEBUG_INFORMATION_FORMAT = "dwarf-with-dsym";
				ENABLE_NS_ASSERTIONS = NO;
				ENABLE_STRICT_OBJC_MSGSEND = YES;
				GCC_C_LANGUAGE_STANDARD = gnu11;
				GCC_NO_COMMON_BLOCKS = YES;
				GCC_WARN_64_TO_32_BIT_CONVERSION = YES;
				GCC_WARN_ABOUT_RETURN_TYPE = YES_ERROR;
				GCC_WARN_UNDECLARED_SELECTOR = YES;
				GCC_WARN_UNINITIALIZED_AUTOS = YES_AGGRESSIVE;
				GCC_WARN_UNUSED_FUNCTION = YES;
				GCC_WARN_UNUSED_VARIABLE = YES;
				IPHONEOS_DEPLOYMENT_TARGET = 16.2;
				MTL_ENABLE_DEBUG_INFO = NO;
				MTL_FAST_MATH = YES;
				SDKROOT = iphoneos;
				SWIFT_COMPILATION_MODE = wholemodule;
				SWIFT_OPTIMIZATION_LEVEL = "-O";
				VALIDATE_PRODUCT = YES;
			};
			name = Release;
		};
		22EBBEFD2C14F02500B62A50 /* Debug */ = {
			isa = XCBuildConfiguration;
			buildSettings = {
				ASSETCATALOG_COMPILER_APPICON_NAME = AppIcon;
				ASSETCATALOG_COMPILER_GLOBAL_ACCENT_COLOR_NAME = AccentColor;
				CODE_SIGN_STYLE = Automatic;
				CURRENT_PROJECT_VERSION = 1;
				GENERATE_INFOPLIST_FILE = YES;
				INFOPLIST_FILE = FoodDelApp/Info.plist;
				INFOPLIST_KEY_UIApplicationSupportsIndirectInputEvents = YES;
				INFOPLIST_KEY_UILaunchStoryboardName = LaunchScreen;
				INFOPLIST_KEY_UISupportedInterfaceOrientations_iPad = "UIInterfaceOrientationPortrait UIInterfaceOrientationPortraitUpsideDown UIInterfaceOrientationLandscapeLeft UIInterfaceOrientationLandscapeRight";
				INFOPLIST_KEY_UISupportedInterfaceOrientations_iPhone = "UIInterfaceOrientationPortrait UIInterfaceOrientationLandscapeLeft UIInterfaceOrientationLandscapeRight";
				LD_RUNPATH_SEARCH_PATHS = (
					"$(inherited)",
					"@executable_path/Frameworks",
				);
				MARKETING_VERSION = 1.0;
				PRODUCT_BUNDLE_IDENTIFIER = "gvladislav-52.FoodDelApp";
				PRODUCT_NAME = "$(TARGET_NAME)";
				SWIFT_EMIT_LOC_STRINGS = YES;
				SWIFT_VERSION = 5.0;
				TARGETED_DEVICE_FAMILY = "1,2";
			};
			name = Debug;
		};
		22EBBEFE2C14F02500B62A50 /* Release */ = {
			isa = XCBuildConfiguration;
			buildSettings = {
				ASSETCATALOG_COMPILER_APPICON_NAME = AppIcon;
				ASSETCATALOG_COMPILER_GLOBAL_ACCENT_COLOR_NAME = AccentColor;
				CODE_SIGN_STYLE = Automatic;
				CURRENT_PROJECT_VERSION = 1;
				GENERATE_INFOPLIST_FILE = YES;
				INFOPLIST_FILE = FoodDelApp/Info.plist;
				INFOPLIST_KEY_UIApplicationSupportsIndirectInputEvents = YES;
				INFOPLIST_KEY_UILaunchStoryboardName = LaunchScreen;
				INFOPLIST_KEY_UISupportedInterfaceOrientations_iPad = "UIInterfaceOrientationPortrait UIInterfaceOrientationPortraitUpsideDown UIInterfaceOrientationLandscapeLeft UIInterfaceOrientationLandscapeRight";
				INFOPLIST_KEY_UISupportedInterfaceOrientations_iPhone = "UIInterfaceOrientationPortrait UIInterfaceOrientationLandscapeLeft UIInterfaceOrientationLandscapeRight";
				LD_RUNPATH_SEARCH_PATHS = (
					"$(inherited)",
					"@executable_path/Frameworks",
				);
				MARKETING_VERSION = 1.0;
				PRODUCT_BUNDLE_IDENTIFIER = "gvladislav-52.FoodDelApp";
				PRODUCT_NAME = "$(TARGET_NAME)";
				SWIFT_EMIT_LOC_STRINGS = YES;
				SWIFT_VERSION = 5.0;
				TARGETED_DEVICE_FAMILY = "1,2";
			};
			name = Release;
		};
/* End XCBuildConfiguration section */

/* Begin XCConfigurationList section */
		22EBBEE32C14F02100B62A50 /* Build configuration list for PBXProject "FoodDelApp" */ = {
			isa = XCConfigurationList;
			buildConfigurations = (
				22EBBEFA2C14F02500B62A50 /* Debug */,
				22EBBEFB2C14F02500B62A50 /* Release */,
			);
			defaultConfigurationIsVisible = 0;
			defaultConfigurationName = Release;
		};
		22EBBEFC2C14F02500B62A50 /* Build configuration list for PBXNativeTarget "FoodDelApp" */ = {
			isa = XCConfigurationList;
			buildConfigurations = (
				22EBBEFD2C14F02500B62A50 /* Debug */,
				22EBBEFE2C14F02500B62A50 /* Release */,
			);
			defaultConfigurationIsVisible = 0;
			defaultConfigurationName = Release;
		};
/* End XCConfigurationList section */
	};
	rootObject = 22EBBEE02C14F02000B62A50 /* Project object */;
}
